{
  "nodes": {
    "argon-kg": {
      "inputs": {
        "flake-utils": [
          "obscura",
          "flake-utils"
        ],
        "nixpkgs": [
          "obscura",
          "nixpkgs"
        ]
      },
      "locked": {
        "lastModified": 1692632726,
        "narHash": "sha256-duhNLNxnycftLUATmjriI/1BXBonRhxmugXMcRE17TU=",
        "owner": "42loco42",
        "repo": "argon-kg",
        "rev": "bb221b999b7c298dda2021d19ab4e695837f10ca",
        "type": "github"
      },
      "original": {
        "owner": "42loco42",
        "repo": "argon-kg",
        "type": "github"
      }
    },
    "flake-utils": {
      "inputs": {
        "systems": "systems"
      },
      "locked": {
        "lastModified": 1694529238,
        "narHash": "sha256-zsNZZGTGnMOf9YpHKJqMSsa0dXbfmxeoJ7xHlrt+xmY=",
        "owner": "numtide",
        "repo": "flake-utils",
        "rev": "ff7b65b44d01cf9ba6a71320833626af21126384",
        "type": "github"
      },
      "original": {
        "id": "flake-utils",
        "type": "indirect"
      }
    },
    "nimble": {
      "inputs": {
        "nixpkgs": [
          "obscura",
          "nixpkgs"
        ]
      },
      "locked": {
        "lastModified": 1679323550,
        "narHash": "sha256-JvGdeb8mO/2xa+j9zSah8B8prCDuVDrxg/sVjnLnWOM=",
        "owner": "nix-community",
        "repo": "flake-nimble",
        "rev": "e68031106a51ffb88138cd827dfb6d62f1c4cfd0",
        "type": "github"
      },
      "original": {
        "id": "nimble",
        "type": "indirect"
      }
    },
    "nixpkgs": {
      "locked": {
        "lastModified": 1696693680,
        "narHash": "sha256-PH0HQTkqyj7DmdPKPwrrXwVURLBqzZs4nqnDw9q8mhg=",
        "owner": "NixOS",
        "repo": "nixpkgs",
        "rev": "945559664c1dc5836173ee12896ba421d9b37181",
        "type": "github"
      },
      "original": {
        "id": "nixpkgs",
        "type": "indirect"
      }
    },
    "obscura": {
      "inputs": {
        "argon-kg": "argon-kg",
        "flake-utils": [
          "flake-utils"
        ],
        "nimble": "nimble",
        "nixpkgs": [
          "nixpkgs"
        ]
      },
      "locked": {
        "lastModified": 1698498603,
        "narHash": "sha256-Nm7uTfNVCq46HGawfPj9wVaYqwgDCRzND2C3pSmLRDk=",
        "owner": "42loco42",
        "repo": "obscura",
        "rev": "bf0d60d04d67e059b433bfb37a1de71cb4e212ac",
        "type": "github"
      },
      "original": {
        "owner": "42loco42",
        "repo": "obscura",
        "type": "github"
      }
    },
    "root": {
      "inputs": {
        "flake-utils": "flake-utils",
        "nixpkgs": "nixpkgs",
        "obscura": "obscura"
      }
    },
    "systems": {
      "locked": {
        "lastModified": 1681028828,
        "narHash": "sha256-Vy1rq5AaRuLzOxct8nz4T6wlgyUR7zLU309k9mBC768=",
        "owner": "nix-systems",
        "repo": "default",
        "rev": "da67096a3b9bf56a91d16901293e51ba5b49a27e",
        "type": "github"
      },
      "original": {
        "owner": "nix-systems",
        "repo": "default",
        "type": "github"
      }
    }
  },
  "root": "root",
  "version": 7
}
